
Microsoft Visual Studio Solution File, Format Version 12.00
Project("{FAE04EC0-301F-11D3-BF4B-00C04F79EFBC}") = "Ex_MordorsCrueltyPlan_Inheritance", "Ex_MordorsCrueltyPlan_Inheritance\Ex_MordorsCrueltyPlan_Inheritance.csproj", "{5FEEACBE-CDB0-4ED9-BB2E-21D68F63EA05}"
EndProject
Global
	GlobalSection(SolutionConfigurationPlatforms) = preSolution
		Debug|Any CPU = Debug|Any CPU
		Release|Any CPU = Release|Any CPU
	EndGlobalSection
	GlobalSection(ProjectConfigurationPlatforms) = postSolution
		{5FEEACBE-CDB0-4ED9-BB2E-21D68F63EA05}.Debug|Any CPU.ActiveCfg = Debug|Any CPU
		{5FEEACBE-CDB0-4ED9-BB2E-21D68F63EA05}.Debug|Any CPU.Build.0 = Debug|Any CPU
		{5FEEACBE-CDB0-4ED9-BB2E-21D68F63EA05}.Release|Any CPU.ActiveCfg = Release|Any CPU
		{5FEEACBE-CDB0-4ED9-BB2E-21D68F63EA05}.Release|Any CPU.Build.0 = Release|Any CPU
	EndGlobalSection
EndGlobal
